
Microsoft Visual Studio Solution File, Format Version 12.00
# Visual Studio Version 16
VisualStudioVersion = 16.0.30503.244
MinimumVisualStudioVersion = 10.0.40219.1
Project("{FAE04EC0-301F-11D3-BF4B-00C04F79EFBC}") = "ChocolaTimer", "ChocolaTimer\ChocolaTimer.csproj", "{CDC2CB5D-C78E-4B94-8E50-E75BBC56B9C1}"
EndProject
Global
	GlobalSection(SolutionConfigurationPlatforms) = preSolution
		Debug|Any CPU = Debug|Any CPU
		Release|Any CPU = Release|Any CPU
	EndGlobalSection
	GlobalSection(ProjectConfigurationPlatforms) = postSolution
		{CDC2CB5D-C78E-4B94-8E50-E75BBC56B9C1}.Debug|Any CPU.ActiveCfg = Debug|Any CPU
		{CDC2CB5D-C78E-4B94-8E50-E75BBC56B9C1}.Debug|Any CPU.Build.0 = Debug|Any CPU
		{CDC2CB5D-C78E-4B94-8E50-E75BBC56B9C1}.Release|Any CPU.ActiveCfg = Release|Any CPU
		{CDC2CB5D-C78E-4B94-8E50-E75BBC56B9C1}.Release|Any CPU.Build.0 = Release|Any CPU
	EndGlobalSection
	GlobalSection(SolutionProperties) = preSolution
		HideSolutionNode = FALSE
	EndGlobalSection
	GlobalSection(ExtensibilityGlobals) = postSolution
		SolutionGuid = {315641CB-A6AA-48E4-BC79-12FCCA540647}
	EndGlobalSection
EndGlobal
